{
  "nodes": {
    "devshell": {
      "inputs": {
        "flake-utils": "flake-utils",
        "nixpkgs": [
          "std",
          "nixpkgs"
        ]
      },
      "locked": {
        "lastModified": 1653917170,
        "narHash": "sha256-FyxOnEE/V4PNEcMU62ikY4FfYPo349MOhMM97HS0XEo=",
        "owner": "numtide",
        "repo": "devshell",
        "rev": "fc7a3e3adde9bbcab68af6d1e3c6eb738e296a92",
        "type": "github"
      },
      "original": {
        "owner": "numtide",
        "repo": "devshell",
        "type": "github"
      }
    },
    "flake-utils": {
      "locked": {
        "lastModified": 1642700792,
        "narHash": "sha256-XqHrk7hFb+zBvRg6Ghl+AZDq03ov6OshJLiSWOoX5es=",
        "owner": "numtide",
        "repo": "flake-utils",
        "rev": "846b2ae0fc4cc943637d3d1def4454213e203cba",
        "type": "github"
      },
      "original": {
        "owner": "numtide",
        "repo": "flake-utils",
        "type": "github"
      }
    },
    "haskell-nix": {
      "flake": false,
      "locked": {
        "lastModified": 1659079419,
        "narHash": "sha256-JCvJ+pS+18tzhCjaPXZVgvwiCkgNtxZr7Ca2EpmSiI4=",
        "owner": "input-output-hk",
        "repo": "haskell.nix",
        "rev": "5341ac4a65b8ec02dc8cd6fe650d8c73135172e4",
        "type": "github"
      },
      "original": {
        "owner": "input-output-hk",
        "repo": "haskell.nix",
        "type": "github"
      }
    },
    "mdbook-kroki-preprocessor": {
      "flake": false,
      "locked": {
        "lastModified": 1655670640,
        "narHash": "sha256-JjqdxftHBjABTkOpFl3cWUJtc/KGwkQ3NRWGLjH2oUs=",
        "owner": "JoelCourtney",
        "repo": "mdbook-kroki-preprocessor",
        "rev": "bb6e607437ecc3f22fd9036acee6b797a5b45dbc",
        "type": "github"
      },
      "original": {
        "owner": "JoelCourtney",
        "repo": "mdbook-kroki-preprocessor",
        "type": "github"
      }
    },
    "nixpkgs": {
      "locked": {
        "lastModified": 1648219316,
        "narHash": "sha256-Ctij+dOi0ZZIfX5eMhgwugfvB+WZSrvVNAyAuANOsnQ=",
        "owner": "NixOS",
        "repo": "nixpkgs",
        "rev": "30d3d79b7d3607d56546dd2a6b49e156ba0ec634",
        "type": "github"
      },
      "original": {
        "owner": "NixOS",
        "repo": "nixpkgs",
        "rev": "30d3d79b7d3607d56546dd2a6b49e156ba0ec634",
        "type": "github"
      }
    },
    "root": {
      "inputs": {
        "haskell-nix": "haskell-nix",
        "nixpkgs": "nixpkgs",
        "std": "std"
      }
    },
    "std": {
      "inputs": {
        "devshell": "devshell",
        "mdbook-kroki-preprocessor": "mdbook-kroki-preprocessor",
        "nixpkgs": [
          "nixpkgs"
        ],
        "yants": "yants"
      },
      "locked": {
        "lastModified": 1658373134,
        "narHash": "sha256-KQ/EysA0Qxqs2Qc6WpKBvw+wt0/ItoWsly0pUvCQ5/g=",
        "owner": "divnix",
        "repo": "std",
        "rev": "e320f734bba5f8fffb428713f528665ee327f442",
        "type": "github"
      },
      "original": {
        "owner": "divnix",
        "repo": "std",
        "type": "github"
      }
    },
    "yants": {
      "inputs": {
        "nixpkgs": [
          "std",
          "nixpkgs"
        ]
      },
      "locked": {
        "lastModified": 1645126146,
        "narHash": "sha256-XQ1eg4gzXoc7Tl8iXak1uCt3KnsTyxqPtLE+vOoDnrQ=",
        "owner": "divnix",
        "repo": "yants",
        "rev": "77df2be1b3cce9f571c6cf451f786b266a6869cc",
        "type": "github"
      },
      "original": {
        "owner": "divnix",
        "repo": "yants",
        "type": "github"
      }
    }
  },
  "root": "root",
  "version": 7
}
